
Microsoft Visual Studio Solution File, Format Version 12.00
# Visual Studio 15
VisualStudioVersion = 15.0.27703.2026
MinimumVisualStudioVersion = 10.0.40219.1
Project("{FAE04EC0-301F-11D3-BF4B-00C04F79EFBC}") = "AspStreamingCore", "AspStreamingCore\AspStreamingCore.csproj", "{C35056CA-F25F-40DF-A9E2-C905114941B4}"
EndProject
Project("{FAE04EC0-301F-11D3-BF4B-00C04F79EFBC}") = "AspStreamingFx", "AspStreamingFx\AspStreamingFx.csproj", "{2640E13E-5816-42E3-BE7A-B5E36B2D1306}"
EndProject
Project("{FAE04EC0-301F-11D3-BF4B-00C04F79EFBC}") = "AppStreamingClient", "AppStreamingCLient\AppStreamingClient.csproj", "{C72042D6-8225-40BB-BD48-4EF0E75223F5}"
EndProject
Global
	GlobalSection(SolutionConfigurationPlatforms) = preSolution
		Debug|Any CPU = Debug|Any CPU
		Release|Any CPU = Release|Any CPU
	EndGlobalSection
	GlobalSection(ProjectConfigurationPlatforms) = postSolution
		{C35056CA-F25F-40DF-A9E2-C905114941B4}.Debug|Any CPU.ActiveCfg = Debug|Any CPU
		{C35056CA-F25F-40DF-A9E2-C905114941B4}.Debug|Any CPU.Build.0 = Debug|Any CPU
		{C35056CA-F25F-40DF-A9E2-C905114941B4}.Release|Any CPU.ActiveCfg = Release|Any CPU
		{C35056CA-F25F-40DF-A9E2-C905114941B4}.Release|Any CPU.Build.0 = Release|Any CPU
		{2640E13E-5816-42E3-BE7A-B5E36B2D1306}.Debug|Any CPU.ActiveCfg = Debug|Any CPU
		{2640E13E-5816-42E3-BE7A-B5E36B2D1306}.Debug|Any CPU.Build.0 = Debug|Any CPU
		{2640E13E-5816-42E3-BE7A-B5E36B2D1306}.Release|Any CPU.ActiveCfg = Release|Any CPU
		{2640E13E-5816-42E3-BE7A-B5E36B2D1306}.Release|Any CPU.Build.0 = Release|Any CPU
		{C72042D6-8225-40BB-BD48-4EF0E75223F5}.Debug|Any CPU.ActiveCfg = Debug|Any CPU
		{C72042D6-8225-40BB-BD48-4EF0E75223F5}.Debug|Any CPU.Build.0 = Debug|Any CPU
		{C72042D6-8225-40BB-BD48-4EF0E75223F5}.Release|Any CPU.ActiveCfg = Release|Any CPU
		{C72042D6-8225-40BB-BD48-4EF0E75223F5}.Release|Any CPU.Build.0 = Release|Any CPU
	EndGlobalSection
	GlobalSection(SolutionProperties) = preSolution
		HideSolutionNode = FALSE
	EndGlobalSection
	GlobalSection(ExtensibilityGlobals) = postSolution
		SolutionGuid = {B8817C39-1A7A-4F71-9250-8C1D1F78EDDA}
	EndGlobalSection
EndGlobal
